
Microsoft Visual Studio Solution File, Format Version 12.00
# Visual Studio Version 17
VisualStudioVersion = 17.14.36127.28
MinimumVisualStudioVersion = 10.0.40219.1
Project("{FAE04EC0-301F-11D3-BF4B-00C04F79EFBC}") = "DT.APIs", "DT.APIs\DT.APIs.csproj", "{3BDC189C-85B2-41A7-A109-968552CB0A6D}"
EndProject
Project("{FAE04EC0-301F-11D3-BF4B-00C04F79EFBC}") = "DT.EmailWorker", "DT.EmailWorker\DT.EmailWorker.csproj", "{4467E318-A957-4AF1-8DB4-999BAE68D824}"
EndProject
Global
	GlobalSection(SolutionConfigurationPlatforms) = preSolution
		Debug|Any CPU = Debug|Any CPU
		Release|Any CPU = Release|Any CPU
	EndGlobalSection
	GlobalSection(ProjectConfigurationPlatforms) = postSolution
		{3BDC189C-85B2-41A7-A109-968552CB0A6D}.Debug|Any CPU.ActiveCfg = Debug|Any CPU
		{3BDC189C-85B2-41A7-A109-968552CB0A6D}.Debug|Any CPU.Build.0 = Debug|Any CPU
		{3BDC189C-85B2-41A7-A109-968552CB0A6D}.Release|Any CPU.ActiveCfg = Release|Any CPU
		{3BDC189C-85B2-41A7-A109-968552CB0A6D}.Release|Any CPU.Build.0 = Release|Any CPU
		{4467E318-A957-4AF1-8DB4-999BAE68D824}.Debug|Any CPU.ActiveCfg = Debug|Any CPU
		{4467E318-A957-4AF1-8DB4-999BAE68D824}.Debug|Any CPU.Build.0 = Debug|Any CPU
		{4467E318-A957-4AF1-8DB4-999BAE68D824}.Release|Any CPU.ActiveCfg = Release|Any CPU
		{4467E318-A957-4AF1-8DB4-999BAE68D824}.Release|Any CPU.Build.0 = Release|Any CPU
	EndGlobalSection
	GlobalSection(SolutionProperties) = preSolution
		HideSolutionNode = FALSE
	EndGlobalSection
	GlobalSection(ExtensibilityGlobals) = postSolution
		SolutionGuid = {4E718E44-BDE0-4CF9-B691-50514710BD15}
	EndGlobalSection
EndGlobal
